
Microsoft Visual Studio Solution File, Format Version 12.00
# Visual Studio Version 17
VisualStudioVersion = 17.14.36616.10 d17.14
MinimumVisualStudioVersion = 10.0.40219.1
Project("{FAE04EC0-301F-11D3-BF4B-00C04F79EFBC}") = "Studying", "Studying\Studying.csproj", "{5E0652A0-EF95-4A73-A088-6D1BDB0A1BA6}"
EndProject
Project("{FAE04EC0-301F-11D3-BF4B-00C04F79EFBC}") = "SOLID", "SOLID\SOLID.csproj", "{BBBDFC9C-850A-45BD-8749-754BE601934C}"
EndProject
Global
	GlobalSection(SolutionConfigurationPlatforms) = preSolution
		Debug|Any CPU = Debug|Any CPU
		Release|Any CPU = Release|Any CPU
	EndGlobalSection
	GlobalSection(ProjectConfigurationPlatforms) = postSolution
		{5E0652A0-EF95-4A73-A088-6D1BDB0A1BA6}.Debug|Any CPU.ActiveCfg = Debug|Any CPU
		{5E0652A0-EF95-4A73-A088-6D1BDB0A1BA6}.Debug|Any CPU.Build.0 = Debug|Any CPU
		{5E0652A0-EF95-4A73-A088-6D1BDB0A1BA6}.Release|Any CPU.ActiveCfg = Release|Any CPU
		{5E0652A0-EF95-4A73-A088-6D1BDB0A1BA6}.Release|Any CPU.Build.0 = Release|Any CPU
		{BBBDFC9C-850A-45BD-8749-754BE601934C}.Debug|Any CPU.ActiveCfg = Debug|Any CPU
		{BBBDFC9C-850A-45BD-8749-754BE601934C}.Debug|Any CPU.Build.0 = Debug|Any CPU
		{BBBDFC9C-850A-45BD-8749-754BE601934C}.Release|Any CPU.ActiveCfg = Release|Any CPU
		{BBBDFC9C-850A-45BD-8749-754BE601934C}.Release|Any CPU.Build.0 = Release|Any CPU
	EndGlobalSection
	GlobalSection(SolutionProperties) = preSolution
		HideSolutionNode = FALSE
	EndGlobalSection
	GlobalSection(ExtensibilityGlobals) = postSolution
		SolutionGuid = {95F84F40-7E43-4C66-81D3-AA0C853F87A3}
	EndGlobalSection
EndGlobal
